<?xml version="1.0" encoding="utf-8"?>
<Project ToolsVersion="4.0" xmlns="http://schemas.microsoft.com/developer/msbuild/2003">
  <ItemGroup>
    <Filter Include="ソース ファイル">
      <UniqueIdentifier>{4FC737F1-C7A5-4376-A066-2A32D752A2FF}</UniqueIdentifier>
      <Extensions>cpp;c;cc;cxx;c++;cppm;ixx;def;odl;idl;hpj;bat;asm;asmx</Extensions>
    </Filter>
    <Filter Include="ヘッダー ファイル">
      <UniqueIdentifier>{93995380-89BD-4b04-88EB-625FBE52EBFB}</UniqueIdentifier>
      <Extensions>h;hh;hpp;hxx;h++;hm;inl;inc;ipp;xsd</Extensions>
    </Filter>
    <Filter Include="リソース ファイル">
      <UniqueIdentifier>{67DA6AB6-F800-4c08-8B7A-83BB121AAD01}</UniqueIdentifier>
      <Extensions>rc;ico;cur;bmp;dlg;rc2;rct;bin;rgs;gif;jpg;jpeg;jpe;resx;tiff;tif;png;wav;mfcribbon-ms</Extensions>
    </Filter>
    <Filter Include="ソース ファイル\2d">
      <UniqueIdentifier>{4086e5cb-9da0-40e3-8528-a7852a8f59ff}</UniqueIdentifier>
    </Filter>
    <Filter Include="ソース ファイル\3d">
      <UniqueIdentifier>{3ce9b9ee-d167-4872-a57a-a90085fa928f}</UniqueIdentifier>
    </Filter>
    <Filter Include="ソース ファイル\audio">
      <UniqueIdentifier>{603e158c-250c-4b53-a413-02ad1c4304f1}</UniqueIdentifier>
    </Filter>
    <Filter Include="ソース ファイル\base">
      <UniqueIdentifier>{5c26498e-aaa1-4a5a-9211-0f8e9691c95e}</UniqueIdentifier>
    </Filter>
    <Filter Include="ソース ファイル\io">
      <UniqueIdentifier>{ccc43b3c-fe16-433f-99d0-41402e3d0a49}</UniqueIdentifier>
    </Filter>
    <Filter Include="ソース ファイル\scene">
      <UniqueIdentifier>{2ff75dea-2a8b-4725-ab1d-fe4cdce6e164}</UniqueIdentifier>
    </Filter>
    <Filter Include="ソース ファイル\imgui">
      <UniqueIdentifier>{35252863-b99f-40e6-9ac5-2a9350d6ec9c}</UniqueIdentifier>
    </Filter>
    <Filter Include="ヘッダー ファイル\2d">
      <UniqueIdentifier>{dd013b22-9676-4d87-a588-933bce972370}</UniqueIdentifier>
    </Filter>
    <Filter Include="ヘッダー ファイル\3d">
      <UniqueIdentifier>{d9020b9e-f497-45be-8e9b-dd1453a71058}</UniqueIdentifier>
    </Filter>
    <Filter Include="ヘッダー ファイル\audio">
      <UniqueIdentifier>{8f4a4d0f-0d1f-4975-830e-f54dd700c5fd}</UniqueIdentifier>
    </Filter>
    <Filter Include="ヘッダー ファイル\base">
      <UniqueIdentifier>{d07bab07-248b-4255-b90e-08af4f3442f2}</UniqueIdentifier>
    </Filter>
    <Filter Include="ヘッダー ファイル\io">
      <UniqueIdentifier>{b3ce223a-f996-4d65-951f-4ea9f7c4b867}</UniqueIdentifier>
    </Filter>
    <Filter Include="ヘッダー ファイル\scene">
      <UniqueIdentifier>{3cb28b35-d0f0-4c18-8f25-e53c590fb8ed}</UniqueIdentifier>
    </Filter>
    <Filter Include="ヘッダー ファイル\imgui">
      <UniqueIdentifier>{f27aeab4-59a2-4ca3-aa20-bf3bd08c4dbd}</UniqueIdentifier>
    </Filter>
    <Filter Include="ヘッダー ファイル\imstb">
      <UniqueIdentifier>{f83a5944-7668-498c-a713-ea9d15d72f7c}</UniqueIdentifier>
    </Filter>
  </ItemGroup>
  <ItemGroup>
    <ClCompile Include="main.cpp">
      <Filter>ソース ファイル</Filter>
    </ClCompile>
    <ClCompile Include="externals\imgui\imgui.cpp">
      <Filter>ソース ファイル\imgui</Filter>
    </ClCompile>
    <ClCompile Include="externals\imgui\imgui_demo.cpp">
      <Filter>ソース ファイル\imgui</Filter>
    </ClCompile>
    <ClCompile Include="externals\imgui\imgui_draw.cpp">
      <Filter>ソース ファイル\imgui</Filter>
    </ClCompile>
    <ClCompile Include="externals\imgui\imgui_impl_dx12.cpp">
      <Filter>ソース ファイル\imgui</Filter>
    </ClCompile>
    <ClCompile Include="externals\imgui\imgui_impl_win32.cpp">
      <Filter>ソース ファイル\imgui</Filter>
    </ClCompile>
    <ClCompile Include="externals\imgui\imgui_tables.cpp">
      <Filter>ソース ファイル\imgui</Filter>
    </ClCompile>
    <ClCompile Include="externals\imgui\imgui_widgets.cpp">
      <Filter>ソース ファイル\imgui</Filter>
    </ClCompile>
    <ClCompile Include="Input.cpp">
      <Filter>ソース ファイル</Filter>
    </ClCompile>
  </ItemGroup>
  <ItemGroup>
    <FxCompile Include="resources\shaders\Object3d.VS.hlsl" />
    <FxCompile Include="resources\shaders\Object3d.PS.hlsl" />
  </ItemGroup>
  <ItemGroup>
    <ClInclude Include="externals\imgui\imconfig.h">
      <Filter>ヘッダー ファイル</Filter>
    </ClInclude>
    <ClInclude Include="externals\imgui\imgui.h">
      <Filter>ヘッダー ファイル\imgui</Filter>
    </ClInclude>
    <ClInclude Include="externals\imgui\imgui_impl_dx12.h">
      <Filter>ヘッダー ファイル\imgui</Filter>
    </ClInclude>
    <ClInclude Include="externals\imgui\imgui_impl_win32.h">
      <Filter>ヘッダー ファイル\imgui</Filter>
    </ClInclude>
    <ClInclude Include="externals\imgui\imgui_internal.h">
      <Filter>ヘッダー ファイル\imgui</Filter>
    </ClInclude>
    <ClInclude Include="externals\imgui\imstb_rectpack.h">
      <Filter>ヘッダー ファイル\imstb</Filter>
    </ClInclude>
    <ClInclude Include="externals\imgui\imstb_textedit.h">
      <Filter>ヘッダー ファイル\imstb</Filter>
    </ClInclude>
    <ClInclude Include="externals\imgui\imstb_truetype.h">
      <Filter>ヘッダー ファイル\imstb</Filter>
    </ClInclude>
    <ClInclude Include="Input.h">
      <Filter>ヘッダー ファイル</Filter>
    </ClInclude>
  </ItemGroup>
  <ItemGroup>
    <Text Include="externals\imgui\LICENSE.txt" />
  </ItemGroup>
  <ItemGroup>
    <None Include="resources\shaders\Object3d.hlsli" />
  </ItemGroup>
</Project>